// !$*UTF8*$!
{
	archiveVersion = 1;
	classes = {
	};
	objectVersion = 56;
	objects = {

/* Begin PBXBuildFile section */
		AD90B1FE2B49BB750055DCB6 /* ProfileView.swift in Sources */ = {isa = PBXBuildFile; fileRef = AD90B1FD2B49BB750055DCB6 /* ProfileView.swift */; };
		AD90B2002B49BB870055DCB6 /* ToDoListView.swift in Sources */ = {isa = PBXBuildFile; fileRef = AD90B1FF2B49BB870055DCB6 /* ToDoListView.swift */; };
		AD90B2022B49BB9C0055DCB6 /* NewItemView.swift in Sources */ = {isa = PBXBuildFile; fileRef = AD90B2012B49BB9C0055DCB6 /* NewItemView.swift */; };
		AD90B2042B49BBCA0055DCB6 /* RegisterView.swift in Sources */ = {isa = PBXBuildFile; fileRef = AD90B2032B49BBCA0055DCB6 /* RegisterView.swift */; };
		AD90B2062B49BBDE0055DCB6 /* ToDoListItemView.swift in Sources */ = {isa = PBXBuildFile; fileRef = AD90B2052B49BBDE0055DCB6 /* ToDoListItemView.swift */; };
		AD90B2082B49BC020055DCB6 /* User.swift in Sources */ = {isa = PBXBuildFile; fileRef = AD90B2072B49BC020055DCB6 /* User.swift */; };
		AD90B20A2B49BC160055DCB6 /* ToDoListItem.swift in Sources */ = {isa = PBXBuildFile; fileRef = AD90B2092B49BC160055DCB6 /* ToDoListItem.swift */; };
		AD90B20C2B4AB7A00055DCB6 /* MainViewViewModel.swift in Sources */ = {isa = PBXBuildFile; fileRef = AD90B20B2B4AB7A00055DCB6 /* MainViewViewModel.swift */; };
		AD90B20E2B4AB7AE0055DCB6 /* ProfileViewViewModel.swift in Sources */ = {isa = PBXBuildFile; fileRef = AD90B20D2B4AB7AE0055DCB6 /* ProfileViewViewModel.swift */; };
		AD90B2102B4AB7BF0055DCB6 /* ToDoListViewViewModel.swift in Sources */ = {isa = PBXBuildFile; fileRef = AD90B20F2B4AB7BF0055DCB6 /* ToDoListViewViewModel.swift */; };
		AD90B2122B4AB7D30055DCB6 /* NewItemViewViewModel.swift in Sources */ = {isa = PBXBuildFile; fileRef = AD90B2112B4AB7D30055DCB6 /* NewItemViewViewModel.swift */; };
		AD90B2142B4AB7E30055DCB6 /* RegisterViewViewModel.swift in Sources */ = {isa = PBXBuildFile; fileRef = AD90B2132B4AB7E30055DCB6 /* RegisterViewViewModel.swift */; };
		AD90B2162B4AB8030055DCB6 /* ToDoListItemViewViewModel.swift in Sources */ = {isa = PBXBuildFile; fileRef = AD90B2152B4AB8030055DCB6 /* ToDoListItemViewViewModel.swift */; };
		AD90B2182B4AB9EE0055DCB6 /* LoginView.swift in Sources */ = {isa = PBXBuildFile; fileRef = AD90B2172B4AB9EE0055DCB6 /* LoginView.swift */; };
		AD90B21A2B4ABA090055DCB6 /* LoginViewViewModel.swift in Sources */ = {isa = PBXBuildFile; fileRef = AD90B2192B4ABA090055DCB6 /* LoginViewViewModel.swift */; };
		AD90B21C2B4ACA890055DCB6 /* HeaderView.swift in Sources */ = {isa = PBXBuildFile; fileRef = AD90B21B2B4ACA890055DCB6 /* HeaderView.swift */; };
		ADAF95C42B3F08ED003AF8D5 /* ToDoListApp.swift in Sources */ = {isa = PBXBuildFile; fileRef = ADAF95C32B3F08ED003AF8D5 /* ToDoListApp.swift */; };
		ADAF95C62B3F08ED003AF8D5 /* MainView.swift in Sources */ = {isa = PBXBuildFile; fileRef = ADAF95C52B3F08ED003AF8D5 /* MainView.swift */; };
		ADAF95C82B3F08ED003AF8D5 /* Assets.xcassets in Resources */ = {isa = PBXBuildFile; fileRef = ADAF95C72B3F08ED003AF8D5 /* Assets.xcassets */; };
		ADAF95CB2B3F08ED003AF8D5 /* Preview Assets.xcassets in Resources */ = {isa = PBXBuildFile; fileRef = ADAF95CA2B3F08ED003AF8D5 /* Preview Assets.xcassets */; };
		ADAF95D52B3F08EE003AF8D5 /* ToDoListTests.swift in Sources */ = {isa = PBXBuildFile; fileRef = ADAF95D42B3F08EE003AF8D5 /* ToDoListTests.swift */; };
		ADAF95DF2B3F08EE003AF8D5 /* ToDoListUITests.swift in Sources */ = {isa = PBXBuildFile; fileRef = ADAF95DE2B3F08EE003AF8D5 /* ToDoListUITests.swift */; };
		ADAF95E12B3F08EE003AF8D5 /* ToDoListUITestsLaunchTests.swift in Sources */ = {isa = PBXBuildFile; fileRef = ADAF95E02B3F08EE003AF8D5 /* ToDoListUITestsLaunchTests.swift */; };
		ADAF95EF2B3F0C05003AF8D5 /* FirebaseAuth in Frameworks */ = {isa = PBXBuildFile; productRef = ADAF95EE2B3F0C05003AF8D5 /* FirebaseAuth */; };
		ADAF95F12B3F0C05003AF8D5 /* FirebaseFirestore in Frameworks */ = {isa = PBXBuildFile; productRef = ADAF95F02B3F0C05003AF8D5 /* FirebaseFirestore */; };
		ADAF95F32B3F0C05003AF8D5 /* FirebaseFirestoreSwift in Frameworks */ = {isa = PBXBuildFile; productRef = ADAF95F22B3F0C05003AF8D5 /* FirebaseFirestoreSwift */; };
		ADAF95F52B404748003AF8D5 /* GoogleService-Info.plist in Resources */ = {isa = PBXBuildFile; fileRef = ADAF95F42B404748003AF8D5 /* GoogleService-Info.plist */; };
/* End PBXBuildFile section */

/* Begin PBXContainerItemProxy section */
		ADAF95D12B3F08EE003AF8D5 /* PBXContainerItemProxy */ = {
			isa = PBXContainerItemProxy;
			containerPortal = ADAF95B82B3F08EC003AF8D5 /* Project object */;
			proxyType = 1;
			remoteGlobalIDString = ADAF95BF2B3F08EC003AF8D5;
			remoteInfo = ToDoList;
		};
		ADAF95DB2B3F08EE003AF8D5 /* PBXContainerItemProxy */ = {
			isa = PBXContainerItemProxy;
			containerPortal = ADAF95B82B3F08EC003AF8D5 /* Project object */;
			proxyType = 1;
			remoteGlobalIDString = ADAF95BF2B3F08EC003AF8D5;
			remoteInfo = ToDoList;
		};
/* End PBXContainerItemProxy section */

/* Begin PBXFileReference section */
		AD90B1FD2B49BB750055DCB6 /* ProfileView.swift */ = {isa = PBXFileReference; lastKnownFileType = sourcecode.swift; path = ProfileView.swift; sourceTree = "<group>"; };
		AD90B1FF2B49BB870055DCB6 /* ToDoListView.swift */ = {isa = PBXFileReference; lastKnownFileType = sourcecode.swift; path = ToDoListView.swift; sourceTree = "<group>"; };
		AD90B2012B49BB9C0055DCB6 /* NewItemView.swift */ = {isa = PBXFileReference; lastKnownFileType = sourcecode.swift; path = NewItemView.swift; sourceTree = "<group>"; };
		AD90B2032B49BBCA0055DCB6 /* RegisterView.swift */ = {isa = PBXFileReference; lastKnownFileType = sourcecode.swift; path = RegisterView.swift; sourceTree = "<group>"; };
		AD90B2052B49BBDE0055DCB6 /* ToDoListItemView.swift */ = {isa = PBXFileReference; lastKnownFileType = sourcecode.swift; path = ToDoListItemView.swift; sourceTree = "<group>"; };
		AD90B2072B49BC020055DCB6 /* User.swift */ = {isa = PBXFileReference; lastKnownFileType = sourcecode.swift; name = User.swift; path = ToDoList/Views/User.swift; sourceTree = SOURCE_ROOT; };
		AD90B2092B49BC160055DCB6 /* ToDoListItem.swift */ = {isa = PBXFileReference; lastKnownFileType = sourcecode.swift; path = ToDoListItem.swift; sourceTree = "<group>"; };
		AD90B20B2B4AB7A00055DCB6 /* MainViewViewModel.swift */ = {isa = PBXFileReference; lastKnownFileType = sourcecode.swift; path = MainViewViewModel.swift; sourceTree = "<group>"; };
		AD90B20D2B4AB7AE0055DCB6 /* ProfileViewViewModel.swift */ = {isa = PBXFileReference; lastKnownFileType = sourcecode.swift; path = ProfileViewViewModel.swift; sourceTree = "<group>"; };
		AD90B20F2B4AB7BF0055DCB6 /* ToDoListViewViewModel.swift */ = {isa = PBXFileReference; lastKnownFileType = sourcecode.swift; path = ToDoListViewViewModel.swift; sourceTree = "<group>"; };
		AD90B2112B4AB7D30055DCB6 /* NewItemViewViewModel.swift */ = {isa = PBXFileReference; lastKnownFileType = sourcecode.swift; path = NewItemViewViewModel.swift; sourceTree = "<group>"; };
		AD90B2132B4AB7E30055DCB6 /* RegisterViewViewModel.swift */ = {isa = PBXFileReference; lastKnownFileType = sourcecode.swift; path = RegisterViewViewModel.swift; sourceTree = "<group>"; };
		AD90B2152B4AB8030055DCB6 /* ToDoListItemViewViewModel.swift */ = {isa = PBXFileReference; lastKnownFileType = sourcecode.swift; path = ToDoListItemViewViewModel.swift; sourceTree = "<group>"; };
		AD90B2172B4AB9EE0055DCB6 /* LoginView.swift */ = {isa = PBXFileReference; lastKnownFileType = sourcecode.swift; path = LoginView.swift; sourceTree = "<group>"; };
		AD90B2192B4ABA090055DCB6 /* LoginViewViewModel.swift */ = {isa = PBXFileReference; lastKnownFileType = sourcecode.swift; path = LoginViewViewModel.swift; sourceTree = "<group>"; };
		AD90B21B2B4ACA890055DCB6 /* HeaderView.swift */ = {isa = PBXFileReference; lastKnownFileType = sourcecode.swift; path = HeaderView.swift; sourceTree = "<group>"; };
		ADAF95C02B3F08ED003AF8D5 /* ToDoList.app */ = {isa = PBXFileReference; explicitFileType = wrapper.application; includeInIndex = 0; path = ToDoList.app; sourceTree = BUILT_PRODUCTS_DIR; };
		ADAF95C32B3F08ED003AF8D5 /* ToDoListApp.swift */ = {isa = PBXFileReference; lastKnownFileType = sourcecode.swift; path = ToDoListApp.swift; sourceTree = "<group>"; };
		ADAF95C52B3F08ED003AF8D5 /* MainView.swift */ = {isa = PBXFileReference; lastKnownFileType = sourcecode.swift; path = MainView.swift; sourceTree = "<group>"; };
		ADAF95C72B3F08ED003AF8D5 /* Assets.xcassets */ = {isa = PBXFileReference; lastKnownFileType = folder.assetcatalog; path = Assets.xcassets; sourceTree = "<group>"; };
		ADAF95CA2B3F08ED003AF8D5 /* Preview Assets.xcassets */ = {isa = PBXFileReference; lastKnownFileType = folder.assetcatalog; path = "Preview Assets.xcassets"; sourceTree = "<group>"; };
		ADAF95D02B3F08EE003AF8D5 /* ToDoListTests.xctest */ = {isa = PBXFileReference; explicitFileType = wrapper.cfbundle; includeInIndex = 0; path = ToDoListTests.xctest; sourceTree = BUILT_PRODUCTS_DIR; };
		ADAF95D42B3F08EE003AF8D5 /* ToDoListTests.swift */ = {isa = PBXFileReference; lastKnownFileType = sourcecode.swift; path = ToDoListTests.swift; sourceTree = "<group>"; };
		ADAF95DA2B3F08EE003AF8D5 /* ToDoListUITests.xctest */ = {isa = PBXFileReference; explicitFileType = wrapper.cfbundle; includeInIndex = 0; path = ToDoListUITests.xctest; sourceTree = BUILT_PRODUCTS_DIR; };
		ADAF95DE2B3F08EE003AF8D5 /* ToDoListUITests.swift */ = {isa = PBXFileReference; lastKnownFileType = sourcecode.swift; path = ToDoListUITests.swift; sourceTree = "<group>"; };
		ADAF95E02B3F08EE003AF8D5 /* ToDoListUITestsLaunchTests.swift */ = {isa = PBXFileReference; lastKnownFileType = sourcecode.swift; path = ToDoListUITestsLaunchTests.swift; sourceTree = "<group>"; };
		ADAF95F42B404748003AF8D5 /* GoogleService-Info.plist */ = {isa = PBXFileReference; lastKnownFileType = text.plist.xml; name = "GoogleService-Info.plist"; path = "ToDoList/Other/GoogleService-Info.plist"; sourceTree = SOURCE_ROOT; };
/* End PBXFileReference section */

/* Begin PBXFrameworksBuildPhase section */
		ADAF95BD2B3F08EC003AF8D5 /* Frameworks */ = {
			isa = PBXFrameworksBuildPhase;
			buildActionMask = 2147483647;
			files = (
				ADAF95EF2B3F0C05003AF8D5 /* FirebaseAuth in Frameworks */,
				ADAF95F12B3F0C05003AF8D5 /* FirebaseFirestore in Frameworks */,
				ADAF95F32B3F0C05003AF8D5 /* FirebaseFirestoreSwift in Frameworks */,
			);
			runOnlyForDeploymentPostprocessing = 0;
		};
		ADAF95CD2B3F08EE003AF8D5 /* Frameworks */ = {
			isa = PBXFrameworksBuildPhase;
			buildActionMask = 2147483647;
			files = (
			);
			runOnlyForDeploymentPostprocessing = 0;
		};
		ADAF95D72B3F08EE003AF8D5 /* Frameworks */ = {
			isa = PBXFrameworksBuildPhase;
			buildActionMask = 2147483647;
			files = (
			);
			runOnlyForDeploymentPostprocessing = 0;
		};
/* End PBXFrameworksBuildPhase section */

/* Begin PBXGroup section */
		AD90B1F92B49AFD60055DCB6 /* Views */ = {
			isa = PBXGroup;
			children = (
				ADAF95C52B3F08ED003AF8D5 /* MainView.swift */,
				AD90B1FD2B49BB750055DCB6 /* ProfileView.swift */,
				AD90B1FF2B49BB870055DCB6 /* ToDoListView.swift */,
				AD90B2012B49BB9C0055DCB6 /* NewItemView.swift */,
				AD90B2032B49BBCA0055DCB6 /* RegisterView.swift */,
				AD90B2052B49BBDE0055DCB6 /* ToDoListItemView.swift */,
				AD90B2172B4AB9EE0055DCB6 /* LoginView.swift */,
				AD90B21B2B4ACA890055DCB6 /* HeaderView.swift */,
			);
			path = Views;
			sourceTree = "<group>";
		};
		AD90B1FA2B49AFE50055DCB6 /* ViewModels */ = {
			isa = PBXGroup;
			children = (
				AD90B20B2B4AB7A00055DCB6 /* MainViewViewModel.swift */,
				AD90B20D2B4AB7AE0055DCB6 /* ProfileViewViewModel.swift */,
				AD90B20F2B4AB7BF0055DCB6 /* ToDoListViewViewModel.swift */,
				AD90B2112B4AB7D30055DCB6 /* NewItemViewViewModel.swift */,
				AD90B2132B4AB7E30055DCB6 /* RegisterViewViewModel.swift */,
				AD90B2152B4AB8030055DCB6 /* ToDoListItemViewViewModel.swift */,
				AD90B2192B4ABA090055DCB6 /* LoginViewViewModel.swift */,
			);
			path = ViewModels;
			sourceTree = "<group>";
		};
		AD90B1FB2B49B03A0055DCB6 /* Models */ = {
			isa = PBXGroup;
			children = (
				AD90B2072B49BC020055DCB6 /* User.swift */,
				AD90B2092B49BC160055DCB6 /* ToDoListItem.swift */,
			);
			path = Models;
			sourceTree = "<group>";
		};
		AD90B1FC2B49B04C0055DCB6 /* Other */ = {
			isa = PBXGroup;
			children = (
				ADAF95C72B3F08ED003AF8D5 /* Assets.xcassets */,
				ADAF95C32B3F08ED003AF8D5 /* ToDoListApp.swift */,
				ADAF95F42B404748003AF8D5 /* GoogleService-Info.plist */,
			);
			path = Other;
			sourceTree = "<group>";
		};
		ADAF95B72B3F08EC003AF8D5 = {
			isa = PBXGroup;
			children = (
				ADAF95C22B3F08ED003AF8D5 /* ToDoList */,
				ADAF95D32B3F08EE003AF8D5 /* ToDoListTests */,
				ADAF95DD2B3F08EE003AF8D5 /* ToDoListUITests */,
				ADAF95C12B3F08ED003AF8D5 /* Products */,
			);
			sourceTree = "<group>";
		};
		ADAF95C12B3F08ED003AF8D5 /* Products */ = {
			isa = PBXGroup;
			children = (
				ADAF95C02B3F08ED003AF8D5 /* ToDoList.app */,
				ADAF95D02B3F08EE003AF8D5 /* ToDoListTests.xctest */,
				ADAF95DA2B3F08EE003AF8D5 /* ToDoListUITests.xctest */,
			);
			name = Products;
			sourceTree = "<group>";
		};
		ADAF95C22B3F08ED003AF8D5 /* ToDoList */ = {
			isa = PBXGroup;
			children = (
				AD90B1FC2B49B04C0055DCB6 /* Other */,
				AD90B1FB2B49B03A0055DCB6 /* Models */,
				AD90B1FA2B49AFE50055DCB6 /* ViewModels */,
				AD90B1F92B49AFD60055DCB6 /* Views */,
				ADAF95C92B3F08ED003AF8D5 /* Preview Content */,
			);
			path = ToDoList;
			sourceTree = "<group>";
		};
		ADAF95C92B3F08ED003AF8D5 /* Preview Content */ = {
			isa = PBXGroup;
			children = (
				ADAF95CA2B3F08ED003AF8D5 /* Preview Assets.xcassets */,
			);
			path = "Preview Content";
			sourceTree = "<group>";
		};
		ADAF95D32B3F08EE003AF8D5 /* ToDoListTests */ = {
			isa = PBXGroup;
			children = (
				ADAF95D42B3F08EE003AF8D5 /* ToDoListTests.swift */,
			);
			path = ToDoListTests;
			sourceTree = "<group>";
		};
		ADAF95DD2B3F08EE003AF8D5 /* ToDoListUITests */ = {
			isa = PBXGroup;
			children = (
				ADAF95DE2B3F08EE003AF8D5 /* ToDoListUITests.swift */,
				ADAF95E02B3F08EE003AF8D5 /* ToDoListUITestsLaunchTests.swift */,
			);
			path = ToDoListUITests;
			sourceTree = "<group>";
		};
/* End PBXGroup section */

/* Begin PBXNativeTarget section */
		ADAF95BF2B3F08EC003AF8D5 /* ToDoList */ = {
			isa = PBXNativeTarget;
			buildConfigurationList = ADAF95E42B3F08EE003AF8D5 /* Build configuration list for PBXNativeTarget "ToDoList" */;
			buildPhases = (
				ADAF95BC2B3F08EC003AF8D5 /* Sources */,
				ADAF95BD2B3F08EC003AF8D5 /* Frameworks */,
				ADAF95BE2B3F08EC003AF8D5 /* Resources */,
			);
			buildRules = (
			);
			dependencies = (
			);
			name = ToDoList;
			packageProductDependencies = (
				ADAF95EE2B3F0C05003AF8D5 /* FirebaseAuth */,
				ADAF95F02B3F0C05003AF8D5 /* FirebaseFirestore */,
				ADAF95F22B3F0C05003AF8D5 /* FirebaseFirestoreSwift */,
			);
			productName = ToDoList;
			productReference = ADAF95C02B3F08ED003AF8D5 /* ToDoList.app */;
			productType = "com.apple.product-type.application";
		};
		ADAF95CF2B3F08EE003AF8D5 /* ToDoListTests */ = {
			isa = PBXNativeTarget;
			buildConfigurationList = ADAF95E72B3F08EE003AF8D5 /* Build configuration list for PBXNativeTarget "ToDoListTests" */;
			buildPhases = (
				ADAF95CC2B3F08EE003AF8D5 /* Sources */,
				ADAF95CD2B3F08EE003AF8D5 /* Frameworks */,
				ADAF95CE2B3F08EE003AF8D5 /* Resources */,
			);
			buildRules = (
			);
			dependencies = (
				ADAF95D22B3F08EE003AF8D5 /* PBXTargetDependency */,
			);
			name = ToDoListTests;
			productName = ToDoListTests;
			productReference = ADAF95D02B3F08EE003AF8D5 /* ToDoListTests.xctest */;
			productType = "com.apple.product-type.bundle.unit-test";
		};
		ADAF95D92B3F08EE003AF8D5 /* ToDoListUITests */ = {
			isa = PBXNativeTarget;
			buildConfigurationList = ADAF95EA2B3F08EE003AF8D5 /* Build configuration list for PBXNativeTarget "ToDoListUITests" */;
			buildPhases = (
				ADAF95D62B3F08EE003AF8D5 /* Sources */,
				ADAF95D72B3F08EE003AF8D5 /* Frameworks */,
				ADAF95D82B3F08EE003AF8D5 /* Resources */,
			);
			buildRules = (
			);
			dependencies = (
				ADAF95DC2B3F08EE003AF8D5 /* PBXTargetDependency */,
			);
			name = ToDoListUITests;
			productName = ToDoListUITests;
			productReference = ADAF95DA2B3F08EE003AF8D5 /* ToDoListUITests.xctest */;
			productType = "com.apple.product-type.bundle.ui-testing";
		};
/* End PBXNativeTarget section */

/* Begin PBXProject section */
		ADAF95B82B3F08EC003AF8D5 /* Project object */ = {
			isa = PBXProject;
			attributes = {
				BuildIndependentTargetsInParallel = 1;
				LastSwiftUpdateCheck = 1510;
				LastUpgradeCheck = 1510;
				TargetAttributes = {
					ADAF95BF2B3F08EC003AF8D5 = {
						CreatedOnToolsVersion = 15.1;
					};
					ADAF95CF2B3F08EE003AF8D5 = {
						CreatedOnToolsVersion = 15.1;
						TestTargetID = ADAF95BF2B3F08EC003AF8D5;
					};
					ADAF95D92B3F08EE003AF8D5 = {
						CreatedOnToolsVersion = 15.1;
						TestTargetID = ADAF95BF2B3F08EC003AF8D5;
					};
				};
			};
			buildConfigurationList = ADAF95BB2B3F08EC003AF8D5 /* Build configuration list for PBXProject "ToDoList" */;
			compatibilityVersion = "Xcode 14.0";
			developmentRegion = en;
			hasScannedForEncodings = 0;
			knownRegions = (
				en,
				Base,
			);
			mainGroup = ADAF95B72B3F08EC003AF8D5;
			packageReferences = (
				ADAF95ED2B3F0C05003AF8D5 /* XCRemoteSwiftPackageReference "firebase-ios-sdk" */,
			);
			productRefGroup = ADAF95C12B3F08ED003AF8D5 /* Products */;
			projectDirPath = "";
			projectRoot = "";
			targets = (
				ADAF95BF2B3F08EC003AF8D5 /* ToDoList */,
				ADAF95CF2B3F08EE003AF8D5 /* ToDoListTests */,
				ADAF95D92B3F08EE003AF8D5 /* ToDoListUITests */,
			);
		};
/* End PBXProject section */

/* Begin PBXResourcesBuildPhase section */
		ADAF95BE2B3F08EC003AF8D5 /* Resources */ = {
			isa = PBXResourcesBuildPhase;
			buildActionMask = 2147483647;
			files = (
				ADAF95CB2B3F08ED003AF8D5 /* Preview Assets.xcassets in Resources */,
				ADAF95C82B3F08ED003AF8D5 /* Assets.xcassets in Resources */,
				ADAF95F52B404748003AF8D5 /* GoogleService-Info.plist in Resources */,
			);
			runOnlyForDeploymentPostprocessing = 0;
		};
		ADAF95CE2B3F08EE003AF8D5 /* Resources */ = {
			isa = PBXResourcesBuildPhase;
			buildActionMask = 2147483647;
			files = (
			);
			runOnlyForDeploymentPostprocessing = 0;
		};
		ADAF95D82B3F08EE003AF8D5 /* Resources */ = {
			isa = PBXResourcesBuildPhase;
			buildActionMask = 2147483647;
			files = (
			);
			runOnlyForDeploymentPostprocessing = 0;
		};
/* End PBXResourcesBuildPhase section */

/* Begin PBXSourcesBuildPhase section */
		ADAF95BC2B3F08EC003AF8D5 /* Sources */ = {
			isa = PBXSourcesBuildPhase;
			buildActionMask = 2147483647;
			files = (
				ADAF95C62B3F08ED003AF8D5 /* MainView.swift in Sources */,
				AD90B21C2B4ACA890055DCB6 /* HeaderView.swift in Sources */,
				AD90B2062B49BBDE0055DCB6 /* ToDoListItemView.swift in Sources */,
				AD90B2002B49BB870055DCB6 /* ToDoListView.swift in Sources */,
				AD90B2122B4AB7D30055DCB6 /* NewItemViewViewModel.swift in Sources */,
				AD90B1FE2B49BB750055DCB6 /* ProfileView.swift in Sources */,
				AD90B2082B49BC020055DCB6 /* User.swift in Sources */,
				AD90B21A2B4ABA090055DCB6 /* LoginViewViewModel.swift in Sources */,
				AD90B2142B4AB7E30055DCB6 /* RegisterViewViewModel.swift in Sources */,
				AD90B2162B4AB8030055DCB6 /* ToDoListItemViewViewModel.swift in Sources */,
				AD90B2042B49BBCA0055DCB6 /* RegisterView.swift in Sources */,
				ADAF95C42B3F08ED003AF8D5 /* ToDoListApp.swift in Sources */,
				AD90B2102B4AB7BF0055DCB6 /* ToDoListViewViewModel.swift in Sources */,
				AD90B20E2B4AB7AE0055DCB6 /* ProfileViewViewModel.swift in Sources */,
				AD90B2022B49BB9C0055DCB6 /* NewItemView.swift in Sources */,
				AD90B20C2B4AB7A00055DCB6 /* MainViewViewModel.swift in Sources */,
				AD90B2182B4AB9EE0055DCB6 /* LoginView.swift in Sources */,
				AD90B20A2B49BC160055DCB6 /* ToDoListItem.swift in Sources */,
			);
			runOnlyForDeploymentPostprocessing = 0;
		};
		ADAF95CC2B3F08EE003AF8D5 /* Sources */ = {
			isa = PBXSourcesBuildPhase;
			buildActionMask = 2147483647;
			files = (
				ADAF95D52B3F08EE003AF8D5 /* ToDoListTests.swift in Sources */,
			);
			runOnlyForDeploymentPostprocessing = 0;
		};
		ADAF95D62B3F08EE003AF8D5 /* Sources */ = {
			isa = PBXSourcesBuildPhase;
			buildActionMask = 2147483647;
			files = (
				ADAF95E12B3F08EE003AF8D5 /* ToDoListUITestsLaunchTests.swift in Sources */,
				ADAF95DF2B3F08EE003AF8D5 /* ToDoListUITests.swift in Sources */,
			);
			runOnlyForDeploymentPostprocessing = 0;
		};
/* End PBXSourcesBuildPhase section */

/* Begin PBXTargetDependency section */
		ADAF95D22B3F08EE003AF8D5 /* PBXTargetDependency */ = {
			isa = PBXTargetDependency;
			target = ADAF95BF2B3F08EC003AF8D5 /* ToDoList */;
			targetProxy = ADAF95D12B3F08EE003AF8D5 /* PBXContainerItemProxy */;
		};
		ADAF95DC2B3F08EE003AF8D5 /* PBXTargetDependency */ = {
			isa = PBXTargetDependency;
			target = ADAF95BF2B3F08EC003AF8D5 /* ToDoList */;
			targetProxy = ADAF95DB2B3F08EE003AF8D5 /* PBXContainerItemProxy */;
		};
/* End PBXTargetDependency section */

/* Begin XCBuildConfiguration section */
		ADAF95E22B3F08EE003AF8D5 /* Debug */ = {
			isa = XCBuildConfiguration;
			buildSettings = {
				ALWAYS_SEARCH_USER_PATHS = NO;
				ASSETCATALOG_COMPILER_GENERATE_SWIFT_ASSET_SYMBOL_EXTENSIONS = YES;
				CLANG_ANALYZER_NONNULL = YES;
				CLANG_ANALYZER_NUMBER_OBJECT_CONVERSION = YES_AGGRESSIVE;
				CLANG_CXX_LANGUAGE_STANDARD = "gnu++20";
				CLANG_ENABLE_MODULES = YES;
				CLANG_ENABLE_OBJC_ARC = YES;
				CLANG_ENABLE_OBJC_WEAK = YES;
				CLANG_WARN_BLOCK_CAPTURE_AUTORELEASING = YES;
				CLANG_WARN_BOOL_CONVERSION = YES;
				CLANG_WARN_COMMA = YES;
				CLANG_WARN_CONSTANT_CONVERSION = YES;
				CLANG_WARN_DEPRECATED_OBJC_IMPLEMENTATIONS = YES;
				CLANG_WARN_DIRECT_OBJC_ISA_USAGE = YES_ERROR;
				CLANG_WARN_DOCUMENTATION_COMMENTS = YES;
				CLANG_WARN_EMPTY_BODY = YES;
				CLANG_WARN_ENUM_CONVERSION = YES;
				CLANG_WARN_INFINITE_RECURSION = YES;
				CLANG_WARN_INT_CONVERSION = YES;
				CLANG_WARN_NON_LITERAL_NULL_CONVERSION = YES;
				CLANG_WARN_OBJC_IMPLICIT_RETAIN_SELF = YES;
				CLANG_WARN_OBJC_LITERAL_CONVERSION = YES;
				CLANG_WARN_OBJC_ROOT_CLASS = YES_ERROR;
				CLANG_WARN_QUOTED_INCLUDE_IN_FRAMEWORK_HEADER = YES;
				CLANG_WARN_RANGE_LOOP_ANALYSIS = YES;
				CLANG_WARN_STRICT_PROTOTYPES = YES;
				CLANG_WARN_SUSPICIOUS_MOVE = YES;
				CLANG_WARN_UNGUARDED_AVAILABILITY = YES_AGGRESSIVE;
				CLANG_WARN_UNREACHABLE_CODE = YES;
				CLANG_WARN__DUPLICATE_METHOD_MATCH = YES;
				COPY_PHASE_STRIP = NO;
				DEBUG_INFORMATION_FORMAT = dwarf;
				ENABLE_STRICT_OBJC_MSGSEND = YES;
				ENABLE_TESTABILITY = YES;
				ENABLE_USER_SCRIPT_SANDBOXING = YES;
				GCC_C_LANGUAGE_STANDARD = gnu17;
				GCC_DYNAMIC_NO_PIC = NO;
				GCC_NO_COMMON_BLOCKS = YES;
				GCC_OPTIMIZATION_LEVEL = 0;
				GCC_PREPROCESSOR_DEFINITIONS = (
					"DEBUG=1",
					"$(inherited)",
				);
				GCC_WARN_64_TO_32_BIT_CONVERSION = YES;
				GCC_WARN_ABOUT_RETURN_TYPE = YES_ERROR;
				GCC_WARN_UNDECLARED_SELECTOR = YES;
				GCC_WARN_UNINITIALIZED_AUTOS = YES_AGGRESSIVE;
				GCC_WARN_UNUSED_FUNCTION = YES;
				GCC_WARN_UNUSED_VARIABLE = YES;
				IPHONEOS_DEPLOYMENT_TARGET = 17.2;
				LOCALIZATION_PREFERS_STRING_CATALOGS = YES;
				MTL_ENABLE_DEBUG_INFO = INCLUDE_SOURCE;
				MTL_FAST_MATH = YES;
				ONLY_ACTIVE_ARCH = YES;
				SDKROOT = iphoneos;
				SWIFT_ACTIVE_COMPILATION_CONDITIONS = "DEBUG $(inherited)";
				SWIFT_OPTIMIZATION_LEVEL = "-Onone";
			};
			name = Debug;
		};
		ADAF95E32B3F08EE003AF8D5 /* Release */ = {
			isa = XCBuildConfiguration;
			buildSettings = {
				ALWAYS_SEARCH_USER_PATHS = NO;
				ASSETCATALOG_COMPILER_GENERATE_SWIFT_ASSET_SYMBOL_EXTENSIONS = YES;
				CLANG_ANALYZER_NONNULL = YES;
				CLANG_ANALYZER_NUMBER_OBJECT_CONVERSION = YES_AGGRESSIVE;
				CLANG_CXX_LANGUAGE_STANDARD = "gnu++20";
				CLANG_ENABLE_MODULES = YES;
				CLANG_ENABLE_OBJC_ARC = YES;
				CLANG_ENABLE_OBJC_WEAK = YES;
				CLANG_WARN_BLOCK_CAPTURE_AUTORELEASING = YES;
				CLANG_WARN_BOOL_CONVERSION = YES;
				CLANG_WARN_COMMA = YES;
				CLANG_WARN_CONSTANT_CONVERSION = YES;
				CLANG_WARN_DEPRECATED_OBJC_IMPLEMENTATIONS = YES;
				CLANG_WARN_DIRECT_OBJC_ISA_USAGE = YES_ERROR;
				CLANG_WARN_DOCUMENTATION_COMMENTS = YES;
				CLANG_WARN_EMPTY_BODY = YES;
				CLANG_WARN_ENUM_CONVERSION = YES;
				CLANG_WARN_INFINITE_RECURSION = YES;
				CLANG_WARN_INT_CONVERSION = YES;
				CLANG_WARN_NON_LITERAL_NULL_CONVERSION = YES;
				CLANG_WARN_OBJC_IMPLICIT_RETAIN_SELF = YES;
				CLANG_WARN_OBJC_LITERAL_CONVERSION = YES;
				CLANG_WARN_OBJC_ROOT_CLASS = YES_ERROR;
				CLANG_WARN_QUOTED_INCLUDE_IN_FRAMEWORK_HEADER = YES;
				CLANG_WARN_RANGE_LOOP_ANALYSIS = YES;
				CLANG_WARN_STRICT_PROTOTYPES = YES;
				CLANG_WARN_SUSPICIOUS_MOVE = YES;
				CLANG_WARN_UNGUARDED_AVAILABILITY = YES_AGGRESSIVE;
				CLANG_WARN_UNREACHABLE_CODE = YES;
				CLANG_WARN__DUPLICATE_METHOD_MATCH = YES;
				COPY_PHASE_STRIP = NO;
				DEBUG_INFORMATION_FORMAT = "dwarf-with-dsym";
				ENABLE_NS_ASSERTIONS = NO;
				ENABLE_STRICT_OBJC_MSGSEND = YES;
				ENABLE_USER_SCRIPT_SANDBOXING = YES;
				GCC_C_LANGUAGE_STANDARD = gnu17;
				GCC_NO_COMMON_BLOCKS = YES;
				GCC_WARN_64_TO_32_BIT_CONVERSION = YES;
				GCC_WARN_ABOUT_RETURN_TYPE = YES_ERROR;
				GCC_WARN_UNDECLARED_SELECTOR = YES;
				GCC_WARN_UNINITIALIZED_AUTOS = YES_AGGRESSIVE;
				GCC_WARN_UNUSED_FUNCTION = YES;
				GCC_WARN_UNUSED_VARIABLE = YES;
				IPHONEOS_DEPLOYMENT_TARGET = 17.2;
				LOCALIZATION_PREFERS_STRING_CATALOGS = YES;
				MTL_ENABLE_DEBUG_INFO = NO;
				MTL_FAST_MATH = YES;
				SDKROOT = iphoneos;
				SWIFT_COMPILATION_MODE = wholemodule;
				VALIDATE_PRODUCT = YES;
			};
			name = Release;
		};
		ADAF95E52B3F08EE003AF8D5 /* Debug */ = {
			isa = XCBuildConfiguration;
			buildSettings = {
				ASSETCATALOG_COMPILER_APPICON_NAME = AppIcon;
				ASSETCATALOG_COMPILER_GLOBAL_ACCENT_COLOR_NAME = AccentColor;
				CODE_SIGN_STYLE = Automatic;
				CURRENT_PROJECT_VERSION = 1;
				DEVELOPMENT_ASSET_PATHS = "\"ToDoList/Preview Content\"";
				ENABLE_PREVIEWS = YES;
				GENERATE_INFOPLIST_FILE = YES;
				INFOPLIST_KEY_UIApplicationSceneManifest_Generation = YES;
				INFOPLIST_KEY_UIApplicationSupportsIndirectInputEvents = YES;
				INFOPLIST_KEY_UILaunchScreen_Generation = YES;
				INFOPLIST_KEY_UISupportedInterfaceOrientations = "UIInterfaceOrientationLandscapeLeft UIInterfaceOrientationLandscapeRight UIInterfaceOrientationPortrait";
				INFOPLIST_KEY_UISupportedInterfaceOrientations_iPad = "UIInterfaceOrientationLandscapeLeft UIInterfaceOrientationLandscapeRight UIInterfaceOrientationPortrait UIInterfaceOrientationPortraitUpsideDown";
				LD_RUNPATH_SEARCH_PATHS = (
					"$(inherited)",
					"@executable_path/Frameworks",
				);
				MARKETING_VERSION = 1.0;
				PRODUCT_BUNDLE_IDENTIFIER = IosAcademy.ToDoList;
				PRODUCT_NAME = "$(TARGET_NAME)";
				SWIFT_EMIT_LOC_STRINGS = YES;
				SWIFT_VERSION = 5.0;
				TARGETED_DEVICE_FAMILY = "1,2";
			};
			name = Debug;
		};
		ADAF95E62B3F08EE003AF8D5 /* Release */ = {
			isa = XCBuildConfiguration;
			buildSettings = {
				ASSETCATALOG_COMPILER_APPICON_NAME = AppIcon;
				ASSETCATALOG_COMPILER_GLOBAL_ACCENT_COLOR_NAME = AccentColor;
				CODE_SIGN_STYLE = Automatic;
				CURRENT_PROJECT_VERSION = 1;
				DEVELOPMENT_ASSET_PATHS = "\"ToDoList/Preview Content\"";
				ENABLE_PREVIEWS = YES;
				GENERATE_INFOPLIST_FILE = YES;
				INFOPLIST_KEY_UIApplicationSceneManifest_Generation = YES;
				INFOPLIST_KEY_UIApplicationSupportsIndirectInputEvents = YES;
				INFOPLIST_KEY_UILaunchScreen_Generation = YES;
				INFOPLIST_KEY_UISupportedInterfaceOrientations = "UIInterfaceOrientationLandscapeLeft UIInterfaceOrientationLandscapeRight UIInterfaceOrientationPortrait";
				INFOPLIST_KEY_UISupportedInterfaceOrientations_iPad = "UIInterfaceOrientationLandscapeLeft UIInterfaceOrientationLandscapeRight UIInterfaceOrientationPortrait UIInterfaceOrientationPortraitUpsideDown";
				LD_RUNPATH_SEARCH_PATHS = (
					"$(inherited)",
					"@executable_path/Frameworks",
				);
				MARKETING_VERSION = 1.0;
				PRODUCT_BUNDLE_IDENTIFIER = IosAcademy.ToDoList;
				PRODUCT_NAME = "$(TARGET_NAME)";
				SWIFT_EMIT_LOC_STRINGS = YES;
				SWIFT_VERSION = 5.0;
				TARGETED_DEVICE_FAMILY = "1,2";
			};
			name = Release;
		};
		ADAF95E82B3F08EE003AF8D5 /* Debug */ = {
			isa = XCBuildConfiguration;
			buildSettings = {
				ALWAYS_EMBED_SWIFT_STANDARD_LIBRARIES = YES;
				BUNDLE_LOADER = "$(TEST_HOST)";
				CODE_SIGN_STYLE = Automatic;
				CURRENT_PROJECT_VERSION = 1;
				GENERATE_INFOPLIST_FILE = YES;
				IPHONEOS_DEPLOYMENT_TARGET = 17.2;
				MARKETING_VERSION = 1.0;
				PRODUCT_BUNDLE_IDENTIFIER = IosAcademy.ToDoListTests;
				PRODUCT_NAME = "$(TARGET_NAME)";
				SWIFT_EMIT_LOC_STRINGS = NO;
				SWIFT_VERSION = 5.0;
				TARGETED_DEVICE_FAMILY = "1,2";
				TEST_HOST = "$(BUILT_PRODUCTS_DIR)/ToDoList.app/$(BUNDLE_EXECUTABLE_FOLDER_PATH)/ToDoList";
			};
			name = Debug;
		};
		ADAF95E92B3F08EE003AF8D5 /* Release */ = {
			isa = XCBuildConfiguration;
			buildSettings = {
				ALWAYS_EMBED_SWIFT_STANDARD_LIBRARIES = YES;
				BUNDLE_LOADER = "$(TEST_HOST)";
				CODE_SIGN_STYLE = Automatic;
				CURRENT_PROJECT_VERSION = 1;
				GENERATE_INFOPLIST_FILE = YES;
				IPHONEOS_DEPLOYMENT_TARGET = 17.2;
				MARKETING_VERSION = 1.0;
				PRODUCT_BUNDLE_IDENTIFIER = IosAcademy.ToDoListTests;
				PRODUCT_NAME = "$(TARGET_NAME)";
				SWIFT_EMIT_LOC_STRINGS = NO;
				SWIFT_VERSION = 5.0;
				TARGETED_DEVICE_FAMILY = "1,2";
				TEST_HOST = "$(BUILT_PRODUCTS_DIR)/ToDoList.app/$(BUNDLE_EXECUTABLE_FOLDER_PATH)/ToDoList";
			};
			name = Release;
		};
		ADAF95EB2B3F08EE003AF8D5 /* Debug */ = {
			isa = XCBuildConfiguration;
			buildSettings = {
				ALWAYS_EMBED_SWIFT_STANDARD_LIBRARIES = YES;
				CODE_SIGN_STYLE = Automatic;
				CURRENT_PROJECT_VERSION = 1;
				GENERATE_INFOPLIST_FILE = YES;
				MARKETING_VERSION = 1.0;
				PRODUCT_BUNDLE_IDENTIFIER = IosAcademy.ToDoListUITests;
				PRODUCT_NAME = "$(TARGET_NAME)";
				SWIFT_EMIT_LOC_STRINGS = NO;
				SWIFT_VERSION = 5.0;
				TARGETED_DEVICE_FAMILY = "1,2";
				TEST_TARGET_NAME = ToDoList;
			};
			name = Debug;
		};
		ADAF95EC2B3F08EE003AF8D5 /* Release */ = {
			isa = XCBuildConfiguration;
			buildSettings = {
				ALWAYS_EMBED_SWIFT_STANDARD_LIBRARIES = YES;
				CODE_SIGN_STYLE = Automatic;
				CURRENT_PROJECT_VERSION = 1;
				GENERATE_INFOPLIST_FILE = YES;
				MARKETING_VERSION = 1.0;
				PRODUCT_BUNDLE_IDENTIFIER = IosAcademy.ToDoListUITests;
				PRODUCT_NAME = "$(TARGET_NAME)";
				SWIFT_EMIT_LOC_STRINGS = NO;
				SWIFT_VERSION = 5.0;
				TARGETED_DEVICE_FAMILY = "1,2";
				TEST_TARGET_NAME = ToDoList;
			};
			name = Release;
		};
/* End XCBuildConfiguration section */

/* Begin XCConfigurationList section */
		ADAF95BB2B3F08EC003AF8D5 /* Build configuration list for PBXProject "ToDoList" */ = {
			isa = XCConfigurationList;
			buildConfigurations = (
				ADAF95E22B3F08EE003AF8D5 /* Debug */,
				ADAF95E32B3F08EE003AF8D5 /* Release */,
			);
			defaultConfigurationIsVisible = 0;
			defaultConfigurationName = Release;
		};
		ADAF95E42B3F08EE003AF8D5 /* Build configuration list for PBXNativeTarget "ToDoList" */ = {
			isa = XCConfigurationList;
			buildConfigurations = (
				ADAF95E52B3F08EE003AF8D5 /* Debug */,
				ADAF95E62B3F08EE003AF8D5 /* Release */,
			);
			defaultConfigurationIsVisible = 0;
			defaultConfigurationName = Release;
		};
		ADAF95E72B3F08EE003AF8D5 /* Build configuration list for PBXNativeTarget "ToDoListTests" */ = {
			isa = XCConfigurationList;
			buildConfigurations = (
				ADAF95E82B3F08EE003AF8D5 /* Debug */,
				ADAF95E92B3F08EE003AF8D5 /* Release */,
			);
			defaultConfigurationIsVisible = 0;
			defaultConfigurationName = Release;
		};
		ADAF95EA2B3F08EE003AF8D5 /* Build configuration list for PBXNativeTarget "ToDoListUITests" */ = {
			isa = XCConfigurationList;
			buildConfigurations = (
				ADAF95EB2B3F08EE003AF8D5 /* Debug */,
				ADAF95EC2B3F08EE003AF8D5 /* Release */,
			);
			defaultConfigurationIsVisible = 0;
			defaultConfigurationName = Release;
		};
/* End XCConfigurationList section */

/* Begin XCRemoteSwiftPackageReference section */
		ADAF95ED2B3F0C05003AF8D5 /* XCRemoteSwiftPackageReference "firebase-ios-sdk" */ = {
			isa = XCRemoteSwiftPackageReference;
			repositoryURL = "https://github.com/firebase/firebase-ios-sdk";
			requirement = {
				kind = upToNextMajorVersion;
				minimumVersion = 10.19.1;
			};
		};
/* End XCRemoteSwiftPackageReference section */

/* Begin XCSwiftPackageProductDependency section */
		ADAF95EE2B3F0C05003AF8D5 /* FirebaseAuth */ = {
			isa = XCSwiftPackageProductDependency;
			package = ADAF95ED2B3F0C05003AF8D5 /* XCRemoteSwiftPackageReference "firebase-ios-sdk" */;
			productName = FirebaseAuth;
		};
		ADAF95F02B3F0C05003AF8D5 /* FirebaseFirestore */ = {
			isa = XCSwiftPackageProductDependency;
			package = ADAF95ED2B3F0C05003AF8D5 /* XCRemoteSwiftPackageReference "firebase-ios-sdk" */;
			productName = FirebaseFirestore;
		};
		ADAF95F22B3F0C05003AF8D5 /* FirebaseFirestoreSwift */ = {
			isa = XCSwiftPackageProductDependency;
			package = ADAF95ED2B3F0C05003AF8D5 /* XCRemoteSwiftPackageReference "firebase-ios-sdk" */;
			productName = FirebaseFirestoreSwift;
		};
/* End XCSwiftPackageProductDependency section */
	};
	rootObject = ADAF95B82B3F08EC003AF8D5 /* Project object */;
}
